
Microsoft Visual Studio Solution File, Format Version 12.00
# Visual Studio 15
VisualStudioVersion = 15.0.28307.645
MinimumVisualStudioVersion = 10.0.40219.1
Project("{FAE04EC0-301F-11D3-BF4B-00C04F79EFBC}") = "GetMiddle", "GetMiddle\GetMiddle.csproj", "{D1387BE5-9E38-45D2-8C93-6AF4570343BC}"
EndProject
Global
	GlobalSection(SolutionConfigurationPlatforms) = preSolution
		Debug|Any CPU = Debug|Any CPU
		Release|Any CPU = Release|Any CPU
	EndGlobalSection
	GlobalSection(ProjectConfigurationPlatforms) = postSolution
		{D1387BE5-9E38-45D2-8C93-6AF4570343BC}.Debug|Any CPU.ActiveCfg = Debug|Any CPU
		{D1387BE5-9E38-45D2-8C93-6AF4570343BC}.Debug|Any CPU.Build.0 = Debug|Any CPU
		{D1387BE5-9E38-45D2-8C93-6AF4570343BC}.Release|Any CPU.ActiveCfg = Release|Any CPU
		{D1387BE5-9E38-45D2-8C93-6AF4570343BC}.Release|Any CPU.Build.0 = Release|Any CPU
	EndGlobalSection
	GlobalSection(SolutionProperties) = preSolution
		HideSolutionNode = FALSE
	EndGlobalSection
	GlobalSection(ExtensibilityGlobals) = postSolution
		SolutionGuid = {DEE2BB4D-D9BE-4CF2-84E2-9AA2DFC15032}
	EndGlobalSection
EndGlobal
